github.com/BurntSushi/toml v0.3.0 h1:e1/Ivsx3Z0FVTV0NSOv/aVgbUWyQuzj7DDnFblkRvsY=
github.com/BurntSushi/toml v0.3.0/go.mod h1:xHWCNGjB5oqiDr8zfno3MHue2Ht5sIBksp03qcyfWMU=
github.com/PuerkitoBio/purell v1.1.0 h1:rmGxhojJlM0tuKtfdvliR84CFHljx9ag64t2xmVkjK4=
github.com/PuerkitoBio/purell v1.1.0/go.mod h1:c11w/QuzBsJSee3cPx9rAFu61PvFxuPbtSwDGJws/X0=
github.com/PuerkitoBio/urlesc v0.0.0-20170810143723-de5bf2ad4578 h1:d+Bc7a5rLufV/sSk/8dngufqelfh6jnri85riMAaF/M=
github.com/PuerkitoBio/urlesc v0.0.0-20170810143723-de5bf2ad4578/go.mod h1:uGdkoq3SwY9Y+13GIhn11/XLaGBb4BfwItxLd5jeuXE=
github.com/asaskevich/govalidator v0.0.0-20180315120708-ccb8e960c48f h1:y2hSFdXeA1y5z5f0vfNO0Dg5qVY036qzlz3Pds0B92o=
github.com/asaskevich/govalidator v0.0.0-20180315120708-ccb8e960c48f/go.mod h1:lB+ZfQJz7igIIfQNfa7Ml4HSf2uFQQRzpGGRXenZAgY=
github.com/btcsuite/btcutil v0.0.0-20180706230648-ab6388e0c60a h1:RQMUrEILyYJEoAT34XS/kLu40vC0+po/UfxrBBA4qZE=
github.com/btcsuite/btcutil v0.0.0-20180706230648-ab6388e0c60a/go.mod h1:+5NJ2+qvTyV9exUAL/rxXi3DcLg2Ts+ymUAY5y4NvMg=
github.com/davecgh/go-spew v1.1.1 h1:vj9j/u1bqnvCEfJOwUhtlOARqs3+rkHYY13jYWTU97c=
github.com/davecgh/go-spew v1.1.1/go.mod h1:J7Y8YcW2NihsgmVo/mv3lAwl/skON4iLHjSsI+c5H38=
github.com/fsnotify/fsnotify v1.4.7 h1:IXs+QLmnXW2CcXuY+8Mzv/fWEsPGWxqefPtCP5CnV9I=
github.com/fsnotify/fsnotify v1.4.7/go.mod h1:jwhsz4b93w/PPRr/qN1Yymfu8t87LnFCMoQvtojpjFo=
github.com/go-openapi/analysis v0.0.0-20180710011727-3c8fe72ed5d3 h1:8+xAfaY2kmIdBnVO/t3qNO1Ae1Bs+CMYmr9xXvKjuCs=
github.com/go-openapi/analysis v0.0.0-20180710011727-3c8fe72ed5d3/go.mod h1:k70tL6pCuVxPJOHXQ+wIac1FUrvNkHolPie/cLEU6hI=
github.com/go-openapi/errors v0.0.0-20180515155515-b2b2befaf267 h1:dAzcTDX2mCtqHj/KtNXTJM25wfarg2fDYY2/yLTKBEI=
github.com/go-openapi/errors v0.0.0-20180515155515-b2b2befaf267/go.mod h1:La0D2x9HoXenv7MDEiAv6vWoe84CXFo0PQRk/jdQlww=
github.com/go-openapi/jsonpointer v0.0.0-20180322222829-3a0015ad55fa h1:hr8WVDjg4JKtQptZpzyb196TmruCs7PIsdJz8KAOZp8=
github.com/go-openapi/jsonpointer v0.0.0-20180322222829-3a0015ad55fa/go.mod h1:+35s3my2LFTysnkMfxsJBAMHj/DoqoB9knIWoYG/Vk0=
github.com/go-openapi/jsonreference v0.0.0-20180322222742-3fb327e6747d h1:k3UQ7Z8yFYq0BNkYykKIheY0HlZBl1Hku+pO9HE9FNU=
github.com/go-openapi/jsonreference v0.0.0-20180322222742-3fb327e6747d/go.mod h1:W3Z9FmVs9qj+KR4zFKmDPGiLdk1D9Rlm7cyMvf57TTg=
github.com/go-openapi/loads v0.0.0-20171207192234-2a2b323bab96 h1:ErY3tAaYwmcVoQJOJMnIXw+d4BRjD4Y0BnjOvNMlaEk=
github.com/go-openapi/loads v0.0.0-20171207192234-2a2b323bab96/go.mod h1:5qFWh9T8iTbMizjsoC/EHEN3onRy+cfNRw/wV1iX1Og=
github.com/go-openapi/runtime v0.0.0-20180825180317-95364c1e5610 h1:SmVNMsY80ji7MFcrngHDdlkaPyW/dq2kGyDV4XAk4Yo=
github.com/go-openapi/runtime v0.0.0-20180825180317-95364c1e5610/go.mod h1:6v9a6LTXWQCdL8k1AO3cvqx5OtZY/Y9wKTgaoP6YRfA=
github.com/go-openapi/spec v0.0.0-20180710175419-bce47c9386f9 h1:t9ogKTKyAuCXNgecaVQ1moKggJ80VexiBjTNyVNnAAU=
github.com/go-openapi/spec v0.0.0-20180710175419-bce47c9386f9/go.mod h1:J8+jY1nAiCcj+friV/PDoE1/3eeccG9LYBs0tYvLOWc=
github.com/go-openapi/strfmt v0.0.0-20180703152050-913ee058e387 h1:ZMbaOR0ORyF4gpp0DCcDYCijolal+2OHO+jSmSm2PBw=
github.com/go-openapi/strfmt v0.0.0-20180703152050-913ee058e387/go.mod h1:/bCWipNKhC9QMhD8HRe2EGbU8G0D4Yvh0G6X4k1Xwvg=
github.com/go-openapi/swag v0.0.0-20180703152219-2b0bd4f193d0 h1:KOHIkUyLtY/OapQTEisSFx2qbfP5mKIl9OYnBl4Uwd8=
github.com/go-openapi/swag v0.0.0-20180703152219-2b0bd4f193d0/go.mod h1:DXUve3Dpr1UfpPtxFw+EFuQ41HhCWZfha5jSVRG7C7I=
github.com/go-openapi/validate v0.0.0-20180703152151-9a6e517cddf1 h1:T8Ce9y3KSeFTHh6COKvtnrl0aTvpR6dqXApeQmhF7Zw=
github.com/go-openapi/validate v0.0.0-20180703152151-9a6e517cddf1/go.mod h1:ve8xoSHgqBUifiKgaVbxLmOE0ckvH0oXfsJcnm6SIz0=
github.com/hashicorp/hcl v0.0.0-20180404174102-ef8a98b0bbce h1:xdsDDbiBDQTKASoGEZ+pEmF1OnWuu8AQ9I8iNbHNeno=
github.com/hashicorp/hcl v0.0.0-20180404174102-ef8a98b0bbce/go.mod h1:oZtUIOe8dh44I2q6ScRibXws4Ajl+d+nod3AaR9vL5w=
github.com/inconshreveable/mousetrap v1.0.0 h1:Z8tu5sraLXCXIcARxBp/8cbvlwVa7Z1NHg9XEKhtSvM=
github.com/inconshreveable/mousetrap v1.0.0/go.mod h1:PxqpIevigyE2G7u3NXJIT2ANytuPF1OarO4DADm73n8=
github.com/magiconair/properties v1.8.0 h1:LLgXmsheXeRoUOBOjtwPQCWIYqM/LU1ayDtDePerRcY=
github.com/magiconair/properties v1.8.0/go.mod h1:PppfXfuXeibc/6YijjN8zIbojt8czPbwD3XqdrwzmxQ=
github.com/mailru/easyjson v0.0.0-20180730094502-03f2033d19d5 h1:0x4qcEHDpruK6ML/m/YSlFUUu0UpRD3I2PHsNCuGnyA=
github.com/mailru/easyjson v0.0.0-20180730094502-03f2033d19d5/go.mod h1:C1wdFJiN94OJF2b5HbByQZoLdCWB1Yqtg26g4irojpc=
github.com/matoous/go-nanoid v0.0.0-20180109130436-958d370425a1 h1:Ar0OvPWGq9L0CUY7955quaAQlSu70xMB/Qilkt5n6tw=
github.com/matoous/go-nanoid v0.0.0-20180109130436-958d370425a1/go.mod h1:soqXi4beH2aAljcVvgIDqekDtnM2UZkGl47fniwq3J4=
github.com/mitchellh/mapstructure v0.0.0-20180715050151-f15292f7a699 h1:KXZJFdun9knAVAR8tg/aHJEr5DgtcbqyvzacK+CDCaI=
github.com/mitchellh/mapstructure v0.0.0-20180715050151-f15292f7a699/go.mod h1:FVVH3fgwuzCH5S8UJGiWEs2h04kUh9fWfEaFds41c1Y=
github.com/pborman/uuid v0.0.0-20180827223501-4c1ecd6722e8 h1:1ugHtU31mw8H2BNoNjyC6DmLJXnHSlVXOyzpV1/4xGA=
github.com/pborman/uuid v0.0.0-20180827223501-4c1ecd6722e8/go.mod h1:VyrYX9gd7irzKovcSS6BIIEwPRkP2Wm2m9ufcdFSJ34=
github.com/pelletier/go-toml v1.2.0 h1:T5zMGML61Wp+FlcbWjRDT7yAxhJNAiPPLOFECq181zc=
github.com/pelletier/go-toml v1.2.0/go.mod h1:5z9KED0ma1S8pY6P1sdut58dfprrGBbd/94hg7ilaic=
github.com/pmezard/go-difflib v1.0.0 h1:4DBwDE0NGyQoBHbLQYPwSUPoCMWR5BEzIk/f1lZbAQM=
github.com/pmezard/go-difflib v1.0.0/go.mod h1:iKH77koFhYxTK1pcRnkKkqfTogsbg7gZNVY4sRDYZ/4=
github.com/satori/go.uuid v1.2.0 h1:0uYX9dsZ2yD7q2RtLRtPSdGDWzjeM3TbMJP9utgA0ww=
github.com/satori/go.uuid v1.2.0/go.mod h1:dA0hQrYB0VpLJoorglMZABFdXlWrHn1NEOzdhQKdks0=
github.com/shibukawa/configdir v0.0.0-20170330084843-e180dbdc8da0 h1:Xuk8ma/ibJ1fOy4Ee11vHhUFHQNpHhrBneOCNHVXS5w=
github.com/shibukawa/configdir v0.0.0-20170330084843-e180dbdc8da0/go.mod h1:7AwjWCpdPhkSmNAgUv5C7EJ4AbmjEB3r047r3DXWu3Y=
github.com/skratchdot/open-golang v0.0.0-20160302144031-75fb7ed4208c h1:fyKiXKO1/I/B6Y2U8T7WdQGWzwehOuGIrljPtt7YTTI=
github.com/skratchdot/open-golang v0.0.0-20160302144031-75fb7ed4208c/go.mod h1:sUM3LWHvSMaG192sy56D9F7CNvL7jUJVXoqM1QKLnog=
github.com/spf13/afero v1.1.1 h1:Lt3ihYMlE+lreX1GS4Qw4ZsNpYQLxIXKBTEOXm3nt6I=
github.com/spf13/afero v1.1.1/go.mod h1:j4pytiNVoe2o6bmDsKpLACNPDBIoEAkihy7loJ1B0CQ=
github.com/spf13/cast v1.2.0 h1:HHl1DSRbEQN2i8tJmtS6ViPyHx35+p51amrdsiTCrkg=
github.com/spf13/cast v1.2.0/go.mod h1:r2rcYCSwa1IExKTDiTfzaxqT2FNHs8hODu4LnUfgKEg=
github.com/spf13/cobra v0.0.3 h1:ZlrZ4XsMRm04Fr5pSFxBgfND2EBVa1nLpiy1stUsX/8=
github.com/spf13/cobra v0.0.3/go.mod h1:1l0Ry5zgKvJasoi3XT1TypsSe7PqH0Sj9dhYf7v3XqQ=
github.com/spf13/jwalterweatherman v0.0.0-20180109140146-7c0cea34c8ec h1:2ZXvIUGghLpdTVHR1UfvfrzoVlZaE/yOWC5LueIHZig=
github.com/spf13/jwalterweatherman v0.0.0-20180109140146-7c0cea34c8ec/go.mod h1:cQK4TGJAtQXfYWX+Ddv3mKDzgVb68N+wFjFa4jdeBTo=
github.com/spf13/pflag v1.0.2 h1:Fy0orTDgHdbnzHcsOgfCN4LtHf0ec3wwtiwJqwvf3Gc=
github.com/spf13/pflag v1.0.2/go.mod h1:DYY7MBk1bdzusC3SYhjObp+wFpr4gzcvqqNjLnInEg4=
github.com/spf13/viper v1.1.0 h1:V7OZpY8i3C1x/pDmU0zNNlfVoDz112fSYvtWMjjS3f4=
github.com/spf13/viper v1.1.0/go.mod h1:A8kyI5cUJhb8N+3pkfONlcEcZbueH6nhAm0Fq7SrnBM=
github.com/stretchr/testify v1.2.2 h1:bSDNvY7ZPG5RlJ8otE/7V6gMiyenm9RtJ7IUVIAoJ1w=
github.com/stretchr/testify v1.2.2/go.mod h1:a8OnRcib4nhh0OaRAV+Yts87kKdq0PP7pXfy6kDkUVs=
golang.org/x/crypto v0.0.0-20180808211826-de0752318171 h1:vYogbvSFj2YXcjQxFHu/rASSOt9sLytpCaSkiwQ135I=
golang.org/x/crypto v0.0.0-20180808211826-de0752318171/go.mod h1:6SG95UA2DQfeDnfUPMdvaQW0Q7yPrPDi9nlGo2tz2b4=
golang.org/x/net v0.0.0-20180811021610-c39426892332 h1:efGso+ep0DjyCBJPjvoz0HI6UldX4Md2F1rZFe1ir0E=
golang.org/x/net v0.0.0-20180811021610-c39426892332/go.mod h1:mL1N/T3taQHkDXs73rZJwtUhF3w3ftmwwsq0BUmARs4=
golang.org/x/sys v0.0.0-20180810173357-98c5dad5d1a0 h1:8H8QZJ30plJyIVj60H3lr8TZGIq2Fh3Cyrs/ZNg1foU=
golang.org/x/sys v0.0.0-20180810173357-98c5dad5d1a0/go.mod h1:STP8DvDyc/dI5b8T5hshtkjS+E42TnysNCUPdjciGhY=
golang.org/x/text v0.3.0 h1:g61tztE5qeGQ89tm6NTjjM9VPIm088od1l6aSorWRWg=
golang.org/x/text v0.3.0/go.mod h1:NqM8EUOU14njkJ3fqMW+pc6Ldnwhi/IjpwHt7yyuwOQ=
gopkg.in/check.v1 v0.0.0-20161208181325-20d25e280405 h1:yhCVgyC4o1eVCa2tZl7eS0r+SDo693bJlVdllGtEeKM=
gopkg.in/check.v1 v0.0.0-20161208181325-20d25e280405/go.mod h1:Co6ibVJAznAaIkqp8huTwlJQCZ016jof/cbN4VW5Yz0=
gopkg.in/mgo.v2 v2.0.0-20180705113604-9856a29383ce h1:xcEWjVhvbDy+nHP67nPDDpbYrY+ILlfndk4bRioVHaU=
gopkg.in/mgo.v2 v2.0.0-20180705113604-9856a29383ce/go.mod h1:yeKp02qBN3iKW1OzL3MGk2IdtZzaj7SFntXj72NppTA=
gopkg.in/yaml.v2 v2.2.1 h1:mUhvW9EsL+naU5Q3cakzfE91YhliOondGd6ZrsDBHQE=
gopkg.in/yaml.v2 v2.2.1/go.mod h1:hI93XBmqTisBFMUTm0b8Fm+jr3Dg1NNxqwp+5A1VGuI=
